// !$*UTF8*$!
{
	archiveVersion = 1;
	classes = {
	};
	objectVersion = 46;
	objects = {

/* Begin PBXBuildFile section */
		4276A5871CCE8C0100829343 /* Opinion+CoreDataProperties.swift in Sources */ = {isa = PBXBuildFile; fileRef = 4276A5851CCE8C0100829343 /* Opinion+CoreDataProperties.swift */; };
		4276A5881CCE8C0100829343 /* Opinion.swift in Sources */ = {isa = PBXBuildFile; fileRef = 4276A5861CCE8C0100829343 /* Opinion.swift */; };
		4276A58A1CCE8E4100829343 /* OpinionViewController.swift in Sources */ = {isa = PBXBuildFile; fileRef = 4276A5891CCE8E4100829343 /* OpinionViewController.swift */; };
		4276A58C1CD0F3A000829343 /* Download.swift in Sources */ = {isa = PBXBuildFile; fileRef = 4276A58B1CD0F39F00829343 /* Download.swift */; };
		4276A58E1CD1706D00829343 /* TableViewController.swift in Sources */ = {isa = PBXBuildFile; fileRef = 4276A58D1CD1706D00829343 /* TableViewController.swift */; };
		4276A5901CD19C1E00829343 /* EditViewController.swift in Sources */ = {isa = PBXBuildFile; fileRef = 4276A58F1CD19C1E00829343 /* EditViewController.swift */; };
		4276A5941CD1CC6700829343 /* Lesson34.xcdatamodeld in Sources */ = {isa = PBXBuildFile; fileRef = 4276A5911CD1CC6700829343 /* Lesson34.xcdatamodeld */; };
		42B7E56D1CD27236001ABBA5 /* Model1.2.xcmappingmodel in Sources */ = {isa = PBXBuildFile; fileRef = 42B7E56C1CD27236001ABBA5 /* Model1.2.xcmappingmodel */; };
		42BEEA7A1CCD5A680030E407 /* Character+CoreDataProperties.swift in Sources */ = {isa = PBXBuildFile; fileRef = 42BEEA791CCD5A680030E407 /* Character+CoreDataProperties.swift */; };
		42BEEA7C1CCD62AD0030E407 /* Character.swift in Sources */ = {isa = PBXBuildFile; fileRef = 42BEEA7B1CCD62AD0030E407 /* Character.swift */; };
		42DB33A31CC95FC6004BCE9D /* AppDelegate.swift in Sources */ = {isa = PBXBuildFile; fileRef = 42DB33A21CC95FC6004BCE9D /* AppDelegate.swift */; };
		42DB33A81CC95FC6004BCE9D /* Main.storyboard in Resources */ = {isa = PBXBuildFile; fileRef = 42DB33A61CC95FC6004BCE9D /* Main.storyboard */; };
		42DB33AD1CC95FC6004BCE9D /* Assets.xcassets in Resources */ = {isa = PBXBuildFile; fileRef = 42DB33AC1CC95FC6004BCE9D /* Assets.xcassets */; };
		42DB33B01CC95FC6004BCE9D /* LaunchScreen.storyboard in Resources */ = {isa = PBXBuildFile; fileRef = 42DB33AE1CC95FC6004BCE9D /* LaunchScreen.storyboard */; };
		42DB33BC1CCA2B77004BCE9D /* MD5.swift in Sources */ = {isa = PBXBuildFile; fileRef = 42DB33BB1CCA2B77004BCE9D /* MD5.swift */; };
		42DB33BE1CCA4922004BCE9D /* Hero.swift in Sources */ = {isa = PBXBuildFile; fileRef = 42DB33BD1CCA4922004BCE9D /* Hero.swift */; };
		42DB33C01CCAD35A004BCE9D /* Cell.swift in Sources */ = {isa = PBXBuildFile; fileRef = 42DB33BF1CCAD35A004BCE9D /* Cell.swift */; };
		42DB33C31CCAEE08004BCE9D /* DetailViewController.swift in Sources */ = {isa = PBXBuildFile; fileRef = 42DB33C21CCAEE08004BCE9D /* DetailViewController.swift */; };
		86025E0D3660960399EF36E2 /* Pods.framework in Frameworks */ = {isa = PBXBuildFile; fileRef = 090E7E63858BF42033149966 /* Pods.framework */; };
/* End PBXBuildFile section */

/* Begin PBXFileReference section */
		090E7E63858BF42033149966 /* Pods.framework */ = {isa = PBXFileReference; explicitFileType = wrapper.framework; includeInIndex = 0; path = Pods.framework; sourceTree = BUILT_PRODUCTS_DIR; };
		3B35A4A16D4F24133B815B11 /* Pods.debug.xcconfig */ = {isa = PBXFileReference; includeInIndex = 1; lastKnownFileType = text.xcconfig; name = Pods.debug.xcconfig; path = "Pods/Target Support Files/Pods/Pods.debug.xcconfig"; sourceTree = "<group>"; };
		4276A5851CCE8C0100829343 /* Opinion+CoreDataProperties.swift */ = {isa = PBXFileReference; fileEncoding = 4; lastKnownFileType = sourcecode.swift; path = "Opinion+CoreDataProperties.swift"; sourceTree = "<group>"; };
		4276A5861CCE8C0100829343 /* Opinion.swift */ = {isa = PBXFileReference; fileEncoding = 4; lastKnownFileType = sourcecode.swift; path = Opinion.swift; sourceTree = "<group>"; };
		4276A5891CCE8E4100829343 /* OpinionViewController.swift */ = {isa = PBXFileReference; fileEncoding = 4; lastKnownFileType = sourcecode.swift; path = OpinionViewController.swift; sourceTree = "<group>"; };
		4276A58B1CD0F39F00829343 /* Download.swift */ = {isa = PBXFileReference; fileEncoding = 4; lastKnownFileType = sourcecode.swift; path = Download.swift; sourceTree = "<group>"; };
		4276A58D1CD1706D00829343 /* TableViewController.swift */ = {isa = PBXFileReference; fileEncoding = 4; lastKnownFileType = sourcecode.swift; path = TableViewController.swift; sourceTree = "<group>"; };
		4276A58F1CD19C1E00829343 /* EditViewController.swift */ = {isa = PBXFileReference; fileEncoding = 4; lastKnownFileType = sourcecode.swift; path = EditViewController.swift; sourceTree = "<group>"; };
		4276A5921CD1CC6700829343 /* Lesson 34_v_1.1.xcdatamodel */ = {isa = PBXFileReference; lastKnownFileType = wrapper.xcdatamodel; path = "Lesson 34_v_1.1.xcdatamodel"; sourceTree = "<group>"; };
		4276A5931CD1CC6700829343 /* Lesson34.xcdatamodel */ = {isa = PBXFileReference; lastKnownFileType = wrapper.xcdatamodel; path = Lesson34.xcdatamodel; sourceTree = "<group>"; };
		42B7E56B1CD2719F001ABBA5 /* Lesson 34_v_1.2.xcdatamodel */ = {isa = PBXFileReference; lastKnownFileType = wrapper.xcdatamodel; path = "Lesson 34_v_1.2.xcdatamodel"; sourceTree = "<group>"; };
		42B7E56C1CD27236001ABBA5 /* Model1.2.xcmappingmodel */ = {isa = PBXFileReference; lastKnownFileType = wrapper.xcmappingmodel; path = Model1.2.xcmappingmodel; sourceTree = "<group>"; };
		42BEEA791CCD5A680030E407 /* Character+CoreDataProperties.swift */ = {isa = PBXFileReference; fileEncoding = 4; lastKnownFileType = sourcecode.swift; path = "Character+CoreDataProperties.swift"; sourceTree = "<group>"; };
		42BEEA7B1CCD62AD0030E407 /* Character.swift */ = {isa = PBXFileReference; fileEncoding = 4; lastKnownFileType = sourcecode.swift; path = Character.swift; sourceTree = "<group>"; };
		42DB339F1CC95FC6004BCE9D /* Lesson34.app */ = {isa = PBXFileReference; explicitFileType = wrapper.application; includeInIndex = 0; path = Lesson34.app; sourceTree = BUILT_PRODUCTS_DIR; };
		42DB33A21CC95FC6004BCE9D /* AppDelegate.swift */ = {isa = PBXFileReference; lastKnownFileType = sourcecode.swift; path = AppDelegate.swift; sourceTree = "<group>"; };
		42DB33A71CC95FC6004BCE9D /* Base */ = {isa = PBXFileReference; lastKnownFileType = file.storyboard; name = Base; path = Base.lproj/Main.storyboard; sourceTree = "<group>"; };
		42DB33AC1CC95FC6004BCE9D /* Assets.xcassets */ = {isa = PBXFileReference; lastKnownFileType = folder.assetcatalog; path = Assets.xcassets; sourceTree = "<group>"; };
		42DB33AF1CC95FC6004BCE9D /* Base */ = {isa = PBXFileReference; lastKnownFileType = file.storyboard; name = Base; path = Base.lproj/LaunchScreen.storyboard; sourceTree = "<group>"; };
		42DB33B11CC95FC6004BCE9D /* Info.plist */ = {isa = PBXFileReference; lastKnownFileType = text.plist.xml; path = Info.plist; sourceTree = "<group>"; };
		42DB33B81CCA2B4F004BCE9D /* Lesson34-Bridging-Header.h */ = {isa = PBXFileReference; lastKnownFileType = sourcecode.c.h; path = "Lesson34-Bridging-Header.h"; sourceTree = "<group>"; };
		42DB33BB1CCA2B77004BCE9D /* MD5.swift */ = {isa = PBXFileReference; fileEncoding = 4; lastKnownFileType = sourcecode.swift; path = MD5.swift; sourceTree = "<group>"; };
		42DB33BD1CCA4922004BCE9D /* Hero.swift */ = {isa = PBXFileReference; fileEncoding = 4; lastKnownFileType = sourcecode.swift; path = Hero.swift; sourceTree = "<group>"; };
		42DB33BF1CCAD35A004BCE9D /* Cell.swift */ = {isa = PBXFileReference; fileEncoding = 4; lastKnownFileType = sourcecode.swift; path = Cell.swift; sourceTree = "<group>"; };
		42DB33C21CCAEE08004BCE9D /* DetailViewController.swift */ = {isa = PBXFileReference; fileEncoding = 4; lastKnownFileType = sourcecode.swift; path = DetailViewController.swift; sourceTree = "<group>"; };
		4EB649950CA9EFA14C6BD895 /* Pods.release.xcconfig */ = {isa = PBXFileReference; includeInIndex = 1; lastKnownFileType = text.xcconfig; name = Pods.release.xcconfig; path = "Pods/Target Support Files/Pods/Pods.release.xcconfig"; sourceTree = "<group>"; };
/* End PBXFileReference section */

/* Begin PBXFrameworksBuildPhase section */
		42DB339C1CC95FC6004BCE9D /* Frameworks */ = {
			isa = PBXFrameworksBuildPhase;
			buildActionMask = 2147483647;
			files = (
				86025E0D3660960399EF36E2 /* Pods.framework in Frameworks */,
			);
			runOnlyForDeploymentPostprocessing = 0;
		};
/* End PBXFrameworksBuildPhase section */

/* Begin PBXGroup section */
		25A2B6E6A8786CE9F8AE92BD /* Pods */ = {
			isa = PBXGroup;
			children = (
				3B35A4A16D4F24133B815B11 /* Pods.debug.xcconfig */,
				4EB649950CA9EFA14C6BD895 /* Pods.release.xcconfig */,
			);
			name = Pods;
			sourceTree = "<group>";
		};
		42DB33961CC95FC6004BCE9D = {
			isa = PBXGroup;
			children = (
				42DB33A11CC95FC6004BCE9D /* Lesson34 */,
				42DB33A01CC95FC6004BCE9D /* Products */,
				25A2B6E6A8786CE9F8AE92BD /* Pods */,
				C1A9F41536478E27F00CF97C /* Frameworks */,
			);
			sourceTree = "<group>";
		};
		42DB33A01CC95FC6004BCE9D /* Products */ = {
			isa = PBXGroup;
			children = (
				42DB339F1CC95FC6004BCE9D /* Lesson34.app */,
			);
			name = Products;
			sourceTree = "<group>";
		};
		42DB33A11CC95FC6004BCE9D /* Lesson34 */ = {
			isa = PBXGroup;
			children = (
				42DB33C41CCBCBF2004BCE9D /* AppDelegate */,
				42DB33C51CCBCC03004BCE9D /* Controllers */,
				42DB33C61CCBCC14004BCE9D /* Classes */,
				42DB33A61CC95FC6004BCE9D /* Main.storyboard */,
				42DB33AC1CC95FC6004BCE9D /* Assets.xcassets */,
				42DB33AE1CC95FC6004BCE9D /* LaunchScreen.storyboard */,
				42DB33B11CC95FC6004BCE9D /* Info.plist */,
				42DB33C71CCBCC33004BCE9D /* CoreData */,
			);
			path = Lesson34;
			sourceTree = "<group>";
		};
		42DB33C41CCBCBF2004BCE9D /* AppDelegate */ = {
			isa = PBXGroup;
			children = (
				42DB33A21CC95FC6004BCE9D /* AppDelegate.swift */,
			);
			name = AppDelegate;
			sourceTree = "<group>";
		};
		42DB33C51CCBCC03004BCE9D /* Controllers */ = {
			isa = PBXGroup;
			children = (
				4276A58D1CD1706D00829343 /* TableViewController.swift */,
				4276A58F1CD19C1E00829343 /* EditViewController.swift */,
				42DB33C21CCAEE08004BCE9D /* DetailViewController.swift */,
				4276A5891CCE8E4100829343 /* OpinionViewController.swift */,
			);
			name = Controllers;
			sourceTree = "<group>";
		};
		42DB33C61CCBCC14004BCE9D /* Classes */ = {
			isa = PBXGroup;
			children = (
				42DB33BF1CCAD35A004BCE9D /* Cell.swift */,
				42DB33BD1CCA4922004BCE9D /* Hero.swift */,
				42BEEA7B1CCD62AD0030E407 /* Character.swift */,
				4276A58B1CD0F39F00829343 /* Download.swift */,
				4276A5861CCE8C0100829343 /* Opinion.swift */,
				4276A5851CCE8C0100829343 /* Opinion+CoreDataProperties.swift */,
				42BEEA791CCD5A680030E407 /* Character+CoreDataProperties.swift */,
			);
			name = Classes;
			sourceTree = "<group>";
		};
		42DB33C71CCBCC33004BCE9D /* CoreData */ = {
			isa = PBXGroup;
			children = (
				42B7E56C1CD27236001ABBA5 /* Model1.2.xcmappingmodel */,
				4276A5911CD1CC6700829343 /* Lesson34.xcdatamodeld */,
				42DB33BB1CCA2B77004BCE9D /* MD5.swift */,
				42DB33B81CCA2B4F004BCE9D /* Lesson34-Bridging-Header.h */,
			);
			name = CoreData;
			sourceTree = "<group>";
		};
		C1A9F41536478E27F00CF97C /* Frameworks */ = {
			isa = PBXGroup;
			children = (
				090E7E63858BF42033149966 /* Pods.framework */,
			);
			name = Frameworks;
			sourceTree = "<group>";
		};
/* End PBXGroup section */

/* Begin PBXNativeTarget section */
		42DB339E1CC95FC6004BCE9D /* Lesson34 */ = {
			isa = PBXNativeTarget;
			buildConfigurationList = 42DB33B41CC95FC6004BCE9D /* Build configuration list for PBXNativeTarget "Lesson34" */;
			buildPhases = (
				AD3DC7384A72289E78D1DA6F /* Check Pods Manifest.lock */,
				42DB339B1CC95FC6004BCE9D /* Sources */,
				42DB339C1CC95FC6004BCE9D /* Frameworks */,
				42DB339D1CC95FC6004BCE9D /* Resources */,
				E227B289D2C2BBEECCF88C2B /* Embed Pods Frameworks */,
				15AD971A422A67C17F71BEDE /* Copy Pods Resources */,
			);
			buildRules = (
			);
			dependencies = (
			);
			name = Lesson34;
			productName = Lesson34;
			productReference = 42DB339F1CC95FC6004BCE9D /* Lesson34.app */;
			productType = "com.apple.product-type.application";
		};
/* End PBXNativeTarget section */

/* Begin PBXProject section */
		42DB33971CC95FC6004BCE9D /* Project object */ = {
			isa = PBXProject;
			attributes = {
				LastSwiftUpdateCheck = 0730;
				LastUpgradeCheck = 0730;
				ORGANIZATIONNAME = Havrylenko;
				TargetAttributes = {
					42DB339E1CC95FC6004BCE9D = {
						CreatedOnToolsVersion = 7.3;
					};
				};
			};
			buildConfigurationList = 42DB339A1CC95FC6004BCE9D /* Build configuration list for PBXProject "Lesson34" */;
			compatibilityVersion = "Xcode 3.2";
			developmentRegion = English;
			hasScannedForEncodings = 0;
			knownRegions = (
				en,
				Base,
			);
			mainGroup = 42DB33961CC95FC6004BCE9D;
			productRefGroup = 42DB33A01CC95FC6004BCE9D /* Products */;
			projectDirPath = "";
			projectRoot = "";
			targets = (
				42DB339E1CC95FC6004BCE9D /* Lesson34 */,
			);
		};
/* End PBXProject section */

/* Begin PBXResourcesBuildPhase section */
		42DB339D1CC95FC6004BCE9D /* Resources */ = {
			isa = PBXResourcesBuildPhase;
			buildActionMask = 2147483647;
			files = (
				42DB33B01CC95FC6004BCE9D /* LaunchScreen.storyboard in Resources */,
				42DB33AD1CC95FC6004BCE9D /* Assets.xcassets in Resources */,
				42DB33A81CC95FC6004BCE9D /* Main.storyboard in Resources */,
			);
			runOnlyForDeploymentPostprocessing = 0;
		};
/* End PBXResourcesBuildPhase section */

/* Begin PBXShellScriptBuildPhase section */
		15AD971A422A67C17F71BEDE /* Copy Pods Resources */ = {
			isa = PBXShellScriptBuildPhase;
			buildActionMask = 2147483647;
			files = (
			);
			inputPaths = (
			);
			name = "Copy Pods Resources";
			outputPaths = (
			);
			runOnlyForDeploymentPostprocessing = 0;
			shellPath = /bin/sh;
			shellScript = "\"${SRCROOT}/Pods/Target Support Files/Pods/Pods-resources.sh\"\n";
			showEnvVarsInLog = 0;
		};
		AD3DC7384A72289E78D1DA6F /* Check Pods Manifest.lock */ = {
			isa = PBXShellScriptBuildPhase;
			buildActionMask = 2147483647;
			files = (
			);
			inputPaths = (
			);
			name = "Check Pods Manifest.lock";
			outputPaths = (
			);
			runOnlyForDeploymentPostprocessing = 0;
			shellPath = /bin/sh;
			shellScript = "diff \"${PODS_ROOT}/../Podfile.lock\" \"${PODS_ROOT}/Manifest.lock\" > /dev/null\nif [[ $? != 0 ]] ; then\n    cat << EOM\nerror: The sandbox is not in sync with the Podfile.lock. Run 'pod install' or update your CocoaPods installation.\nEOM\n    exit 1\nfi\n";
			showEnvVarsInLog = 0;
		};
		E227B289D2C2BBEECCF88C2B /* Embed Pods Frameworks */ = {
			isa = PBXShellScriptBuildPhase;
			buildActionMask = 2147483647;
			files = (
			);
			inputPaths = (
			);
			name = "Embed Pods Frameworks";
			outputPaths = (
			);
			runOnlyForDeploymentPostprocessing = 0;
			shellPath = /bin/sh;
			shellScript = "\"${SRCROOT}/Pods/Target Support Files/Pods/Pods-frameworks.sh\"\n";
			showEnvVarsInLog = 0;
		};
/* End PBXShellScriptBuildPhase section */

/* Begin PBXSourcesBuildPhase section */
		42DB339B1CC95FC6004BCE9D /* Sources */ = {
			isa = PBXSourcesBuildPhase;
			buildActionMask = 2147483647;
			files = (
				4276A5941CD1CC6700829343 /* Lesson34.xcdatamodeld in Sources */,
				42BEEA7C1CCD62AD0030E407 /* Character.swift in Sources */,
				4276A5871CCE8C0100829343 /* Opinion+CoreDataProperties.swift in Sources */,
				4276A58E1CD1706D00829343 /* TableViewController.swift in Sources */,
				42BEEA7A1CCD5A680030E407 /* Character+CoreDataProperties.swift in Sources */,
				42DB33BE1CCA4922004BCE9D /* Hero.swift in Sources */,
				4276A5901CD19C1E00829343 /* EditViewController.swift in Sources */,
				4276A5881CCE8C0100829343 /* Opinion.swift in Sources */,
				42DB33BC1CCA2B77004BCE9D /* MD5.swift in Sources */,
				42DB33A31CC95FC6004BCE9D /* AppDelegate.swift in Sources */,
				4276A58A1CCE8E4100829343 /* OpinionViewController.swift in Sources */,
				42DB33C01CCAD35A004BCE9D /* Cell.swift in Sources */,
				42DB33C31CCAEE08004BCE9D /* DetailViewController.swift in Sources */,
				4276A58C1CD0F3A000829343 /* Download.swift in Sources */,
				42B7E56D1CD27236001ABBA5 /* Model1.2.xcmappingmodel in Sources */,
			);
			runOnlyForDeploymentPostprocessing = 0;
		};
/* End PBXSourcesBuildPhase section */

/* Begin PBXVariantGroup section */
		42DB33A61CC95FC6004BCE9D /* Main.storyboard */ = {
			isa = PBXVariantGroup;
			children = (
				42DB33A71CC95FC6004BCE9D /* Base */,
			);
			name = Main.storyboard;
			sourceTree = "<group>";
		};
		42DB33AE1CC95FC6004BCE9D /* LaunchScreen.storyboard */ = {
			isa = PBXVariantGroup;
			children = (
				42DB33AF1CC95FC6004BCE9D /* Base */,
			);
			name = LaunchScreen.storyboard;
			sourceTree = "<group>";
		};
/* End PBXVariantGroup section */

/* Begin XCBuildConfiguration section */
		42DB33B21CC95FC6004BCE9D /* Debug */ = {
			isa = XCBuildConfiguration;
			buildSettings = {
				ALWAYS_SEARCH_USER_PATHS = NO;
				CLANG_ANALYZER_NONNULL = YES;
				CLANG_CXX_LANGUAGE_STANDARD = "gnu++0x";
				CLANG_CXX_LIBRARY = "libc++";
				CLANG_ENABLE_MODULES = YES;
				CLANG_ENABLE_OBJC_ARC = YES;
				CLANG_WARN_BOOL_CONVERSION = YES;
				CLANG_WARN_CONSTANT_CONVERSION = YES;
				CLANG_WARN_DIRECT_OBJC_ISA_USAGE = YES_ERROR;
				CLANG_WARN_EMPTY_BODY = YES;
				CLANG_WARN_ENUM_CONVERSION = YES;
				CLANG_WARN_INT_CONVERSION = YES;
				CLANG_WARN_OBJC_ROOT_CLASS = YES_ERROR;
				CLANG_WARN_UNREACHABLE_CODE = YES;
				CLANG_WARN__DUPLICATE_METHOD_MATCH = YES;
				"CODE_SIGN_IDENTITY[sdk=iphoneos*]" = "iPhone Developer";
				COPY_PHASE_STRIP = NO;
				DEBUG_INFORMATION_FORMAT = dwarf;
				ENABLE_STRICT_OBJC_MSGSEND = YES;
				ENABLE_TESTABILITY = YES;
				GCC_C_LANGUAGE_STANDARD = gnu99;
				GCC_DYNAMIC_NO_PIC = NO;
				GCC_NO_COMMON_BLOCKS = YES;
				GCC_OPTIMIZATION_LEVEL = 0;
				GCC_PREPROCESSOR_DEFINITIONS = (
					"DEBUG=1",
					"$(inherited)",
				);
				GCC_WARN_64_TO_32_BIT_CONVERSION = YES;
				GCC_WARN_ABOUT_RETURN_TYPE = YES_ERROR;
				GCC_WARN_UNDECLARED_SELECTOR = YES;
				GCC_WARN_UNINITIALIZED_AUTOS = YES_AGGRESSIVE;
				GCC_WARN_UNUSED_FUNCTION = YES;
				GCC_WARN_UNUSED_VARIABLE = YES;
				IPHONEOS_DEPLOYMENT_TARGET = 9.3;
				MTL_ENABLE_DEBUG_INFO = YES;
				ONLY_ACTIVE_ARCH = YES;
				SDKROOT = iphoneos;
				SWIFT_OPTIMIZATION_LEVEL = "-Onone";
			};
			name = Debug;
		};
		42DB33B31CC95FC6004BCE9D /* Release */ = {
			isa = XCBuildConfiguration;
			buildSettings = {
				ALWAYS_SEARCH_USER_PATHS = NO;
				CLANG_ANALYZER_NONNULL = YES;
				CLANG_CXX_LANGUAGE_STANDARD = "gnu++0x";
				CLANG_CXX_LIBRARY = "libc++";
				CLANG_ENABLE_MODULES = YES;
				CLANG_ENABLE_OBJC_ARC = YES;
				CLANG_WARN_BOOL_CONVERSION = YES;
				CLANG_WARN_CONSTANT_CONVERSION = YES;
				CLANG_WARN_DIRECT_OBJC_ISA_USAGE = YES_ERROR;
				CLANG_WARN_EMPTY_BODY = YES;
				CLANG_WARN_ENUM_CONVERSION = YES;
				CLANG_WARN_INT_CONVERSION = YES;
				CLANG_WARN_OBJC_ROOT_CLASS = YES_ERROR;
				CLANG_WARN_UNREACHABLE_CODE = YES;
				CLANG_WARN__DUPLICATE_METHOD_MATCH = YES;
				"CODE_SIGN_IDENTITY[sdk=iphoneos*]" = "iPhone Developer";
				COPY_PHASE_STRIP = NO;
				DEBUG_INFORMATION_FORMAT = "dwarf-with-dsym";
				ENABLE_NS_ASSERTIONS = NO;
				ENABLE_STRICT_OBJC_MSGSEND = YES;
				GCC_C_LANGUAGE_STANDARD = gnu99;
				GCC_NO_COMMON_BLOCKS = YES;
				GCC_WARN_64_TO_32_BIT_CONVERSION = YES;
				GCC_WARN_ABOUT_RETURN_TYPE = YES_ERROR;
				GCC_WARN_UNDECLARED_SELECTOR = YES;
				GCC_WARN_UNINITIALIZED_AUTOS = YES_AGGRESSIVE;
				GCC_WARN_UNUSED_FUNCTION = YES;
				GCC_WARN_UNUSED_VARIABLE = YES;
				IPHONEOS_DEPLOYMENT_TARGET = 9.3;
				MTL_ENABLE_DEBUG_INFO = NO;
				SDKROOT = iphoneos;
				VALIDATE_PRODUCT = YES;
			};
			name = Release;
		};
		42DB33B51CC95FC6004BCE9D /* Debug */ = {
			isa = XCBuildConfiguration;
			baseConfigurationReference = 3B35A4A16D4F24133B815B11 /* Pods.debug.xcconfig */;
			buildSettings = {
				ASSETCATALOG_COMPILER_APPICON_NAME = AppIcon;
				CLANG_ENABLE_MODULES = YES;
				INFOPLIST_FILE = Lesson34/Info.plist;
				LD_RUNPATH_SEARCH_PATHS = "$(inherited) @executable_path/Frameworks";
				PRODUCT_BUNDLE_IDENTIFIER = Havrylenko.Lesson34;
				PRODUCT_NAME = "$(TARGET_NAME)";
				SWIFT_OBJC_BRIDGING_HEADER = "Lesson34/Lesson34-Bridging-Header.h";
				SWIFT_OPTIMIZATION_LEVEL = "-Onone";
			};
			name = Debug;
		};
		42DB33B61CC95FC6004BCE9D /* Release */ = {
			isa = XCBuildConfiguration;
			baseConfigurationReference = 4EB649950CA9EFA14C6BD895 /* Pods.release.xcconfig */;
			buildSettings = {
				ASSETCATALOG_COMPILER_APPICON_NAME = AppIcon;
				CLANG_ENABLE_MODULES = YES;
				INFOPLIST_FILE = Lesson34/Info.plist;
				LD_RUNPATH_SEARCH_PATHS = "$(inherited) @executable_path/Frameworks";
				PRODUCT_BUNDLE_IDENTIFIER = Havrylenko.Lesson34;
				PRODUCT_NAME = "$(TARGET_NAME)";
				SWIFT_OBJC_BRIDGING_HEADER = "Lesson34/Lesson34-Bridging-Header.h";
			};
			name = Release;
		};
/* End XCBuildConfiguration section */

/* Begin XCConfigurationList section */
		42DB339A1CC95FC6004BCE9D /* Build configuration list for PBXProject "Lesson34" */ = {
			isa = XCConfigurationList;
			buildConfigurations = (
				42DB33B21CC95FC6004BCE9D /* Debug */,
				42DB33B31CC95FC6004BCE9D /* Release */,
			);
			defaultConfigurationIsVisible = 0;
			defaultConfigurationName = Release;
		};
		42DB33B41CC95FC6004BCE9D /* Build configuration list for PBXNativeTarget "Lesson34" */ = {
			isa = XCConfigurationList;
			buildConfigurations = (
				42DB33B51CC95FC6004BCE9D /* Debug */,
				42DB33B61CC95FC6004BCE9D /* Release */,
			);
			defaultConfigurationIsVisible = 0;
			defaultConfigurationName = Release;
		};
/* End XCConfigurationList section */

/* Begin XCVersionGroup section */
		4276A5911CD1CC6700829343 /* Lesson34.xcdatamodeld */ = {
			isa = XCVersionGroup;
			children = (
				42B7E56B1CD2719F001ABBA5 /* Lesson 34_v_1.2.xcdatamodel */,
				4276A5921CD1CC6700829343 /* Lesson 34_v_1.1.xcdatamodel */,
				4276A5931CD1CC6700829343 /* Lesson34.xcdatamodel */,
			);
			currentVersion = 4276A5921CD1CC6700829343 /* Lesson 34_v_1.1.xcdatamodel */;
			path = Lesson34.xcdatamodeld;
			sourceTree = "<group>";
			versionGroupType = wrapper.xcdatamodel;
		};
/* End XCVersionGroup section */
	};
	rootObject = 42DB33971CC95FC6004BCE9D /* Project object */;
}
